
Microsoft Visual Studio Solution File, Format Version 12.00
# Visual Studio 15
VisualStudioVersion = 15.0.27428.2037
MinimumVisualStudioVersion = 10.0.40219.1
Project("{FAE04EC0-301F-11D3-BF4B-00C04F79EFBC}") = "DisCache", "DisCache\DisCache.csproj", "{FE05A986-96E3-4096-BB5D-5C763650FED5}"
EndProject
Global
	GlobalSection(SolutionConfigurationPlatforms) = preSolution
		Debug|Any CPU = Debug|Any CPU
		Release|Any CPU = Release|Any CPU
	EndGlobalSection
	GlobalSection(ProjectConfigurationPlatforms) = postSolution
		{FE05A986-96E3-4096-BB5D-5C763650FED5}.Debug|Any CPU.ActiveCfg = Debug|Any CPU
		{FE05A986-96E3-4096-BB5D-5C763650FED5}.Debug|Any CPU.Build.0 = Debug|Any CPU
		{FE05A986-96E3-4096-BB5D-5C763650FED5}.Release|Any CPU.ActiveCfg = Release|Any CPU
		{FE05A986-96E3-4096-BB5D-5C763650FED5}.Release|Any CPU.Build.0 = Release|Any CPU
	EndGlobalSection
	GlobalSection(SolutionProperties) = preSolution
		HideSolutionNode = FALSE
	EndGlobalSection
	GlobalSection(ExtensibilityGlobals) = postSolution
		SolutionGuid = {32F15647-05A8-48B7-89FC-8822AB6DBBEE}
	EndGlobalSection
EndGlobal
